// !$*UTF8*$!
{
	archiveVersion = 1;
	classes = {
	};
	objectVersion = 77;
	objects = {

/* Begin PBXBuildFile section */
		CD0B3C022CD6120F00D98561 /* Preview Assets.xcassets in Resources */ = {isa = PBXBuildFile; fileRef = CD0B3BFB2CD6120F00D98561 /* Preview Assets.xcassets */; };
		CD0B3C032CD6120F00D98561 /* Assets.xcassets in Resources */ = {isa = PBXBuildFile; fileRef = CD0B3BFD2CD6120F00D98561 /* Assets.xcassets */; };
		CD0B3C042CD6120F00D98561 /* ContentView.swift in Sources */ = {isa = PBXBuildFile; fileRef = CD0B3BFE2CD6120F00D98561 /* ContentView.swift */; };
		CD0B3C052CD6120F00D98561 /* FrameWorkApp.swift in Sources */ = {isa = PBXBuildFile; fileRef = CD0B3C002CD6120F00D98561 /* FrameWorkApp.swift */; };
		CD0B3C072CD612F600D98561 /* NewFileView.swift in Sources */ = {isa = PBXBuildFile; fileRef = CD0B3C062CD612F600D98561 /* NewFileView.swift */; };
		CD0B3C0C2CD62CF400D98561 /* default.metallib in Resources */ = {isa = PBXBuildFile; fileRef = CD0B3C0B2CD62CF400D98561 /* default.metallib */; };
		CD0B3C0E2CD6301300D98561 /* CodeEditorView.swift in Sources */ = {isa = PBXBuildFile; fileRef = CD0B3C0D2CD6301300D98561 /* CodeEditorView.swift */; };
		CD0B3C102CD6303300D98561 /* FileDocument.swift in Sources */ = {isa = PBXBuildFile; fileRef = CD0B3C0F2CD6303300D98561 /* FileDocument.swift */; };
		CD0B3C122CD63E6700D98561 /* SyntaxHighlighter.swift in Sources */ = {isa = PBXBuildFile; fileRef = CD0B3C112CD63E6700D98561 /* SyntaxHighlighter.swift */; };
		CD0B3C142CD63EE500D98561 /* CodeCompletionManager.swift in Sources */ = {isa = PBXBuildFile; fileRef = CD0B3C132CD63EE500D98561 /* CodeCompletionManager.swift */; };
		CD0B3C162CD63F2000D98561 /* CompletionListView.swift in Sources */ = {isa = PBXBuildFile; fileRef = CD0B3C152CD63F2000D98561 /* CompletionListView.swift */; };
		CD0B3C182CD63F3A00D98561 /* Coordinator.swift in Sources */ = {isa = PBXBuildFile; fileRef = CD0B3C172CD63F3A00D98561 /* Coordinator.swift */; };
/* End PBXBuildFile section */

/* Begin PBXContainerItemProxy section */
		CD0B3BDF2CD611FF00D98561 /* PBXContainerItemProxy */ = {
			isa = PBXContainerItemProxy;
			containerPortal = CD0B3BC52CD611FC00D98561 /* Project object */;
			proxyType = 1;
			remoteGlobalIDString = CD0B3BCC2CD611FC00D98561;
			remoteInfo = FrameWork;
		};
		CD0B3BE92CD611FF00D98561 /* PBXContainerItemProxy */ = {
			isa = PBXContainerItemProxy;
			containerPortal = CD0B3BC52CD611FC00D98561 /* Project object */;
			proxyType = 1;
			remoteGlobalIDString = CD0B3BCC2CD611FC00D98561;
			remoteInfo = FrameWork;
		};
/* End PBXContainerItemProxy section */

/* Begin PBXFileReference section */
		CD0B3BCD2CD611FC00D98561 /* FrameWork.app */ = {isa = PBXFileReference; explicitFileType = wrapper.application; includeInIndex = 0; path = FrameWork.app; sourceTree = BUILT_PRODUCTS_DIR; };
		CD0B3BDE2CD611FF00D98561 /* FrameWorkTests.xctest */ = {isa = PBXFileReference; explicitFileType = wrapper.cfbundle; includeInIndex = 0; path = FrameWorkTests.xctest; sourceTree = BUILT_PRODUCTS_DIR; };
		CD0B3BE82CD611FF00D98561 /* FrameWorkUITests.xctest */ = {isa = PBXFileReference; explicitFileType = wrapper.cfbundle; includeInIndex = 0; path = FrameWorkUITests.xctest; sourceTree = BUILT_PRODUCTS_DIR; };
		CD0B3BFB2CD6120F00D98561 /* Preview Assets.xcassets */ = {isa = PBXFileReference; lastKnownFileType = folder.assetcatalog; path = "Preview Assets.xcassets"; sourceTree = "<group>"; };
		CD0B3BFD2CD6120F00D98561 /* Assets.xcassets */ = {isa = PBXFileReference; lastKnownFileType = folder.assetcatalog; path = Assets.xcassets; sourceTree = "<group>"; };
		CD0B3BFE2CD6120F00D98561 /* ContentView.swift */ = {isa = PBXFileReference; lastKnownFileType = sourcecode.swift; path = ContentView.swift; sourceTree = "<group>"; };
		CD0B3BFF2CD6120F00D98561 /* FrameWork.entitlements */ = {isa = PBXFileReference; lastKnownFileType = text.plist.entitlements; path = FrameWork.entitlements; sourceTree = "<group>"; };
		CD0B3C002CD6120F00D98561 /* FrameWorkApp.swift */ = {isa = PBXFileReference; lastKnownFileType = sourcecode.swift; path = FrameWorkApp.swift; sourceTree = "<group>"; };
		CD0B3C062CD612F600D98561 /* NewFileView.swift */ = {isa = PBXFileReference; lastKnownFileType = sourcecode.swift; path = NewFileView.swift; sourceTree = "<group>"; };
		CD0B3C082CD61CF900D98561 /* Info.plist */ = {isa = PBXFileReference; lastKnownFileType = text.plist; path = Info.plist; sourceTree = "<group>"; };
		CD0B3C0B2CD62CF400D98561 /* default.metallib */ = {isa = PBXFileReference; lastKnownFileType = "archive.metal-library"; path = default.metallib; sourceTree = "<group>"; };
		CD0B3C0D2CD6301300D98561 /* CodeEditorView.swift */ = {isa = PBXFileReference; lastKnownFileType = sourcecode.swift; path = CodeEditorView.swift; sourceTree = "<group>"; };
		CD0B3C0F2CD6303300D98561 /* FileDocument.swift */ = {isa = PBXFileReference; lastKnownFileType = sourcecode.swift; path = FileDocument.swift; sourceTree = "<group>"; };
		CD0B3C112CD63E6700D98561 /* SyntaxHighlighter.swift */ = {isa = PBXFileReference; lastKnownFileType = sourcecode.swift; path = SyntaxHighlighter.swift; sourceTree = "<group>"; };
		CD0B3C132CD63EE500D98561 /* CodeCompletionManager.swift */ = {isa = PBXFileReference; lastKnownFileType = sourcecode.swift; path = CodeCompletionManager.swift; sourceTree = "<group>"; };
		CD0B3C152CD63F2000D98561 /* CompletionListView.swift */ = {isa = PBXFileReference; lastKnownFileType = sourcecode.swift; path = CompletionListView.swift; sourceTree = "<group>"; };
		CD0B3C172CD63F3A00D98561 /* Coordinator.swift */ = {isa = PBXFileReference; lastKnownFileType = sourcecode.swift; path = Coordinator.swift; sourceTree = "<group>"; };
/* End PBXFileReference section */

/* Begin PBXFileSystemSynchronizedRootGroup section */
		CD0B3BE12CD611FF00D98561 /* FrameWorkTests */ = {
			isa = PBXFileSystemSynchronizedRootGroup;
			path = FrameWorkTests;
			sourceTree = "<group>";
		};
		CD0B3BEB2CD611FF00D98561 /* FrameWorkUITests */ = {
			isa = PBXFileSystemSynchronizedRootGroup;
			path = FrameWorkUITests;
			sourceTree = "<group>";
		};
/* End PBXFileSystemSynchronizedRootGroup section */

/* Begin PBXFrameworksBuildPhase section */
		CD0B3BCA2CD611FC00D98561 /* Frameworks */ = {
			isa = PBXFrameworksBuildPhase;
			buildActionMask = 2147483647;
			files = (
			);
			runOnlyForDeploymentPostprocessing = 0;
		};
		CD0B3BDB2CD611FF00D98561 /* Frameworks */ = {
			isa = PBXFrameworksBuildPhase;
			buildActionMask = 2147483647;
			files = (
			);
			runOnlyForDeploymentPostprocessing = 0;
		};
		CD0B3BE52CD611FF00D98561 /* Frameworks */ = {
			isa = PBXFrameworksBuildPhase;
			buildActionMask = 2147483647;
			files = (
			);
			runOnlyForDeploymentPostprocessing = 0;
		};
/* End PBXFrameworksBuildPhase section */

/* Begin PBXGroup section */
		CD0B3BC42CD611FC00D98561 = {
			isa = PBXGroup;
			children = (
				CD0B3C012CD6120F00D98561 /* FrameWork */,
				CD0B3BE12CD611FF00D98561 /* FrameWorkTests */,
				CD0B3BEB2CD611FF00D98561 /* FrameWorkUITests */,
				CD0B3BCE2CD611FC00D98561 /* Products */,
			);
			sourceTree = "<group>";
		};
		CD0B3BCE2CD611FC00D98561 /* Products */ = {
			isa = PBXGroup;
			children = (
				CD0B3BCD2CD611FC00D98561 /* FrameWork.app */,
				CD0B3BDE2CD611FF00D98561 /* FrameWorkTests.xctest */,
				CD0B3BE82CD611FF00D98561 /* FrameWorkUITests.xctest */,
			);
			name = Products;
			sourceTree = "<group>";
		};
		CD0B3BFC2CD6120F00D98561 /* Preview Content */ = {
			isa = PBXGroup;
			children = (
				CD0B3BFB2CD6120F00D98561 /* Preview Assets.xcassets */,
			);
			path = "Preview Content";
			sourceTree = "<group>";
		};
		CD0B3C012CD6120F00D98561 /* FrameWork */ = {
			isa = PBXGroup;
			children = (
				CD0B3C082CD61CF900D98561 /* Info.plist */,
				CD0B3C002CD6120F00D98561 /* FrameWorkApp.swift */,
				CD0B3BFE2CD6120F00D98561 /* ContentView.swift */,
				CD0B3C062CD612F600D98561 /* NewFileView.swift */,
				CD0B3C0D2CD6301300D98561 /* CodeEditorView.swift */,
				CD0B3C132CD63EE500D98561 /* CodeCompletionManager.swift */,
				CD0B3C152CD63F2000D98561 /* CompletionListView.swift */,
				CD0B3C172CD63F3A00D98561 /* Coordinator.swift */,
				CD0B3C112CD63E6700D98561 /* SyntaxHighlighter.swift */,
				CD0B3C0F2CD6303300D98561 /* FileDocument.swift */,
				CD0B3C0B2CD62CF400D98561 /* default.metallib */,
				CD0B3BFF2CD6120F00D98561 /* FrameWork.entitlements */,
				CD0B3BFD2CD6120F00D98561 /* Assets.xcassets */,
				CD0B3BFC2CD6120F00D98561 /* Preview Content */,
			);
			path = FrameWork;
			sourceTree = "<group>";
		};
/* End PBXGroup section */

/* Begin PBXNativeTarget section */
		CD0B3BCC2CD611FC00D98561 /* FrameWork */ = {
			isa = PBXNativeTarget;
			buildConfigurationList = CD0B3BF22CD6120000D98561 /* Build configuration list for PBXNativeTarget "FrameWork" */;
			buildPhases = (
				CD0B3BC92CD611FC00D98561 /* Sources */,
				CD0B3BCA2CD611FC00D98561 /* Frameworks */,
				CD0B3BCB2CD611FC00D98561 /* Resources */,
			);
			buildRules = (
			);
			dependencies = (
			);
			name = FrameWork;
			packageProductDependencies = (
			);
			productName = FrameWork;
			productReference = CD0B3BCD2CD611FC00D98561 /* FrameWork.app */;
			productType = "com.apple.product-type.application";
		};
		CD0B3BDD2CD611FF00D98561 /* FrameWorkTests */ = {
			isa = PBXNativeTarget;
			buildConfigurationList = CD0B3BF52CD6120000D98561 /* Build configuration list for PBXNativeTarget "FrameWorkTests" */;
			buildPhases = (
				CD0B3BDA2CD611FF00D98561 /* Sources */,
				CD0B3BDB2CD611FF00D98561 /* Frameworks */,
				CD0B3BDC2CD611FF00D98561 /* Resources */,
			);
			buildRules = (
			);
			dependencies = (
				CD0B3BE02CD611FF00D98561 /* PBXTargetDependency */,
			);
			fileSystemSynchronizedGroups = (
				CD0B3BE12CD611FF00D98561 /* FrameWorkTests */,
			);
			name = FrameWorkTests;
			packageProductDependencies = (
			);
			productName = FrameWorkTests;
			productReference = CD0B3BDE2CD611FF00D98561 /* FrameWorkTests.xctest */;
			productType = "com.apple.product-type.bundle.unit-test";
		};
		CD0B3BE72CD611FF00D98561 /* FrameWorkUITests */ = {
			isa = PBXNativeTarget;
			buildConfigurationList = CD0B3BF82CD6120000D98561 /* Build configuration list for PBXNativeTarget "FrameWorkUITests" */;
			buildPhases = (
				CD0B3BE42CD611FF00D98561 /* Sources */,
				CD0B3BE52CD611FF00D98561 /* Frameworks */,
				CD0B3BE62CD611FF00D98561 /* Resources */,
			);
			buildRules = (
			);
			dependencies = (
				CD0B3BEA2CD611FF00D98561 /* PBXTargetDependency */,
			);
			fileSystemSynchronizedGroups = (
				CD0B3BEB2CD611FF00D98561 /* FrameWorkUITests */,
			);
			name = FrameWorkUITests;
			packageProductDependencies = (
			);
			productName = FrameWorkUITests;
			productReference = CD0B3BE82CD611FF00D98561 /* FrameWorkUITests.xctest */;
			productType = "com.apple.product-type.bundle.ui-testing";
		};
/* End PBXNativeTarget section */

/* Begin PBXProject section */
		CD0B3BC52CD611FC00D98561 /* Project object */ = {
			isa = PBXProject;
			attributes = {
				BuildIndependentTargetsInParallel = 1;
				LastSwiftUpdateCheck = 1610;
				LastUpgradeCheck = 1610;
				TargetAttributes = {
					CD0B3BCC2CD611FC00D98561 = {
						CreatedOnToolsVersion = 16.1;
					};
					CD0B3BDD2CD611FF00D98561 = {
						CreatedOnToolsVersion = 16.1;
						TestTargetID = CD0B3BCC2CD611FC00D98561;
					};
					CD0B3BE72CD611FF00D98561 = {
						CreatedOnToolsVersion = 16.1;
						TestTargetID = CD0B3BCC2CD611FC00D98561;
					};
				};
			};
			buildConfigurationList = CD0B3BC82CD611FC00D98561 /* Build configuration list for PBXProject "FrameWork" */;
			developmentRegion = en;
			hasScannedForEncodings = 0;
			knownRegions = (
				en,
				Base,
			);
			mainGroup = CD0B3BC42CD611FC00D98561;
			minimizedProjectReferenceProxies = 1;
			preferredProjectObjectVersion = 77;
			productRefGroup = CD0B3BCE2CD611FC00D98561 /* Products */;
			projectDirPath = "";
			projectRoot = "";
			targets = (
				CD0B3BCC2CD611FC00D98561 /* FrameWork */,
				CD0B3BDD2CD611FF00D98561 /* FrameWorkTests */,
				CD0B3BE72CD611FF00D98561 /* FrameWorkUITests */,
			);
		};
/* End PBXProject section */

/* Begin PBXResourcesBuildPhase section */
		CD0B3BCB2CD611FC00D98561 /* Resources */ = {
			isa = PBXResourcesBuildPhase;
			buildActionMask = 2147483647;
			files = (
				CD0B3C0C2CD62CF400D98561 /* default.metallib in Resources */,
				CD0B3C022CD6120F00D98561 /* Preview Assets.xcassets in Resources */,
				CD0B3C032CD6120F00D98561 /* Assets.xcassets in Resources */,
			);
			runOnlyForDeploymentPostprocessing = 0;
		};
		CD0B3BDC2CD611FF00D98561 /* Resources */ = {
			isa = PBXResourcesBuildPhase;
			buildActionMask = 2147483647;
			files = (
			);
			runOnlyForDeploymentPostprocessing = 0;
		};
		CD0B3BE62CD611FF00D98561 /* Resources */ = {
			isa = PBXResourcesBuildPhase;
			buildActionMask = 2147483647;
			files = (
			);
			runOnlyForDeploymentPostprocessing = 0;
		};
/* End PBXResourcesBuildPhase section */

/* Begin PBXSourcesBuildPhase section */
		CD0B3BC92CD611FC00D98561 /* Sources */ = {
			isa = PBXSourcesBuildPhase;
			buildActionMask = 2147483647;
			files = (
				CD0B3C142CD63EE500D98561 /* CodeCompletionManager.swift in Sources */,
				CD0B3C0E2CD6301300D98561 /* CodeEditorView.swift in Sources */,
				CD0B3C042CD6120F00D98561 /* ContentView.swift in Sources */,
				CD0B3C122CD63E6700D98561 /* SyntaxHighlighter.swift in Sources */,
				CD0B3C162CD63F2000D98561 /* CompletionListView.swift in Sources */,
				CD0B3C072CD612F600D98561 /* NewFileView.swift in Sources */,
				CD0B3C102CD6303300D98561 /* FileDocument.swift in Sources */,
				CD0B3C052CD6120F00D98561 /* FrameWorkApp.swift in Sources */,
				CD0B3C182CD63F3A00D98561 /* Coordinator.swift in Sources */,
			);
			runOnlyForDeploymentPostprocessing = 0;
		};
		CD0B3BDA2CD611FF00D98561 /* Sources */ = {
			isa = PBXSourcesBuildPhase;
			buildActionMask = 2147483647;
			files = (
			);
			runOnlyForDeploymentPostprocessing = 0;
		};
		CD0B3BE42CD611FF00D98561 /* Sources */ = {
			isa = PBXSourcesBuildPhase;
			buildActionMask = 2147483647;
			files = (
			);
			runOnlyForDeploymentPostprocessing = 0;
		};
/* End PBXSourcesBuildPhase section */

/* Begin PBXTargetDependency section */
		CD0B3BE02CD611FF00D98561 /* PBXTargetDependency */ = {
			isa = PBXTargetDependency;
			target = CD0B3BCC2CD611FC00D98561 /* FrameWork */;
			targetProxy = CD0B3BDF2CD611FF00D98561 /* PBXContainerItemProxy */;
		};
		CD0B3BEA2CD611FF00D98561 /* PBXTargetDependency */ = {
			isa = PBXTargetDependency;
			target = CD0B3BCC2CD611FC00D98561 /* FrameWork */;
			targetProxy = CD0B3BE92CD611FF00D98561 /* PBXContainerItemProxy */;
		};
/* End PBXTargetDependency section */

/* Begin XCBuildConfiguration section */
		CD0B3BF02CD6120000D98561 /* Debug */ = {
			isa = XCBuildConfiguration;
			buildSettings = {
				ALWAYS_SEARCH_USER_PATHS = NO;
				ASSETCATALOG_COMPILER_GENERATE_SWIFT_ASSET_SYMBOL_EXTENSIONS = YES;
				CLANG_ANALYZER_NONNULL = YES;
				CLANG_ANALYZER_NUMBER_OBJECT_CONVERSION = YES_AGGRESSIVE;
				CLANG_CXX_LANGUAGE_STANDARD = "gnu++20";
				CLANG_ENABLE_MODULES = YES;
				CLANG_ENABLE_OBJC_ARC = YES;
				CLANG_ENABLE_OBJC_WEAK = YES;
				CLANG_WARN_BLOCK_CAPTURE_AUTORELEASING = YES;
				CLANG_WARN_BOOL_CONVERSION = YES;
				CLANG_WARN_COMMA = YES;
				CLANG_WARN_CONSTANT_CONVERSION = YES;
				CLANG_WARN_DEPRECATED_OBJC_IMPLEMENTATIONS = YES;
				CLANG_WARN_DIRECT_OBJC_ISA_USAGE = YES_ERROR;
				CLANG_WARN_DOCUMENTATION_COMMENTS = YES;
				CLANG_WARN_EMPTY_BODY = YES;
				CLANG_WARN_ENUM_CONVERSION = YES;
				CLANG_WARN_INFINITE_RECURSION = YES;
				CLANG_WARN_INT_CONVERSION = YES;
				CLANG_WARN_NON_LITERAL_NULL_CONVERSION = YES;
				CLANG_WARN_OBJC_IMPLICIT_RETAIN_SELF = YES;
				CLANG_WARN_OBJC_LITERAL_CONVERSION = YES;
				CLANG_WARN_OBJC_ROOT_CLASS = YES_ERROR;
				CLANG_WARN_QUOTED_INCLUDE_IN_FRAMEWORK_HEADER = YES;
				CLANG_WARN_RANGE_LOOP_ANALYSIS = YES;
				CLANG_WARN_STRICT_PROTOTYPES = YES;
				CLANG_WARN_SUSPICIOUS_MOVE = YES;
				CLANG_WARN_UNGUARDED_AVAILABILITY = YES_AGGRESSIVE;
				CLANG_WARN_UNREACHABLE_CODE = YES;
				CLANG_WARN__DUPLICATE_METHOD_MATCH = YES;
				COPY_PHASE_STRIP = NO;
				DEBUG_INFORMATION_FORMAT = dwarf;
				ENABLE_STRICT_OBJC_MSGSEND = YES;
				ENABLE_TESTABILITY = YES;
				ENABLE_USER_SCRIPT_SANDBOXING = YES;
				GCC_C_LANGUAGE_STANDARD = gnu17;
				GCC_DYNAMIC_NO_PIC = NO;
				GCC_NO_COMMON_BLOCKS = YES;
				GCC_OPTIMIZATION_LEVEL = 0;
				GCC_PREPROCESSOR_DEFINITIONS = (
					"DEBUG=1",
					"$(inherited)",
				);
				GCC_WARN_64_TO_32_BIT_CONVERSION = YES;
				GCC_WARN_ABOUT_RETURN_TYPE = YES_ERROR;
				GCC_WARN_UNDECLARED_SELECTOR = YES;
				GCC_WARN_UNINITIALIZED_AUTOS = YES_AGGRESSIVE;
				GCC_WARN_UNUSED_FUNCTION = YES;
				GCC_WARN_UNUSED_VARIABLE = YES;
				LOCALIZATION_PREFERS_STRING_CATALOGS = YES;
				MACOSX_DEPLOYMENT_TARGET = 15.1;
				MTL_ENABLE_DEBUG_INFO = INCLUDE_SOURCE;
				MTL_FAST_MATH = YES;
				ONLY_ACTIVE_ARCH = YES;
				SDKROOT = macosx;
				SWIFT_ACTIVE_COMPILATION_CONDITIONS = "DEBUG $(inherited)";
				SWIFT_OPTIMIZATION_LEVEL = "-Onone";
			};
			name = Debug;
		};
		CD0B3BF12CD6120000D98561 /* Release */ = {
			isa = XCBuildConfiguration;
			buildSettings = {
				ALWAYS_SEARCH_USER_PATHS = NO;
				ASSETCATALOG_COMPILER_GENERATE_SWIFT_ASSET_SYMBOL_EXTENSIONS = YES;
				CLANG_ANALYZER_NONNULL = YES;
				CLANG_ANALYZER_NUMBER_OBJECT_CONVERSION = YES_AGGRESSIVE;
				CLANG_CXX_LANGUAGE_STANDARD = "gnu++20";
				CLANG_ENABLE_MODULES = YES;
				CLANG_ENABLE_OBJC_ARC = YES;
				CLANG_ENABLE_OBJC_WEAK = YES;
				CLANG_WARN_BLOCK_CAPTURE_AUTORELEASING = YES;
				CLANG_WARN_BOOL_CONVERSION = YES;
				CLANG_WARN_COMMA = YES;
				CLANG_WARN_CONSTANT_CONVERSION = YES;
				CLANG_WARN_DEPRECATED_OBJC_IMPLEMENTATIONS = YES;
				CLANG_WARN_DIRECT_OBJC_ISA_USAGE = YES_ERROR;
				CLANG_WARN_DOCUMENTATION_COMMENTS = YES;
				CLANG_WARN_EMPTY_BODY = YES;
				CLANG_WARN_ENUM_CONVERSION = YES;
				CLANG_WARN_INFINITE_RECURSION = YES;
				CLANG_WARN_INT_CONVERSION = YES;
				CLANG_WARN_NON_LITERAL_NULL_CONVERSION = YES;
				CLANG_WARN_OBJC_IMPLICIT_RETAIN_SELF = YES;
				CLANG_WARN_OBJC_LITERAL_CONVERSION = YES;
				CLANG_WARN_OBJC_ROOT_CLASS = YES_ERROR;
				CLANG_WARN_QUOTED_INCLUDE_IN_FRAMEWORK_HEADER = YES;
				CLANG_WARN_RANGE_LOOP_ANALYSIS = YES;
				CLANG_WARN_STRICT_PROTOTYPES = YES;
				CLANG_WARN_SUSPICIOUS_MOVE = YES;
				CLANG_WARN_UNGUARDED_AVAILABILITY = YES_AGGRESSIVE;
				CLANG_WARN_UNREACHABLE_CODE = YES;
				CLANG_WARN__DUPLICATE_METHOD_MATCH = YES;
				COPY_PHASE_STRIP = NO;
				DEBUG_INFORMATION_FORMAT = "dwarf-with-dsym";
				ENABLE_NS_ASSERTIONS = NO;
				ENABLE_STRICT_OBJC_MSGSEND = YES;
				ENABLE_USER_SCRIPT_SANDBOXING = YES;
				GCC_C_LANGUAGE_STANDARD = gnu17;
				GCC_NO_COMMON_BLOCKS = YES;
				GCC_WARN_64_TO_32_BIT_CONVERSION = YES;
				GCC_WARN_ABOUT_RETURN_TYPE = YES_ERROR;
				GCC_WARN_UNDECLARED_SELECTOR = YES;
				GCC_WARN_UNINITIALIZED_AUTOS = YES_AGGRESSIVE;
				GCC_WARN_UNUSED_FUNCTION = YES;
				GCC_WARN_UNUSED_VARIABLE = YES;
				LOCALIZATION_PREFERS_STRING_CATALOGS = YES;
				MACOSX_DEPLOYMENT_TARGET = 15.1;
				MTL_ENABLE_DEBUG_INFO = NO;
				MTL_FAST_MATH = YES;
				SDKROOT = macosx;
				SWIFT_COMPILATION_MODE = wholemodule;
			};
			name = Release;
		};
		CD0B3BF32CD6120000D98561 /* Debug */ = {
			isa = XCBuildConfiguration;
			buildSettings = {
				ASSETCATALOG_COMPILER_APPICON_NAME = AppIcon;
				ASSETCATALOG_COMPILER_GLOBAL_ACCENT_COLOR_NAME = AccentColor;
				CODE_SIGN_ENTITLEMENTS = FrameWork/FrameWork.entitlements;
				CODE_SIGN_STYLE = Automatic;
				COMBINE_HIDPI_IMAGES = YES;
				CURRENT_PROJECT_VERSION = 1;
				DEVELOPMENT_ASSET_PATHS = "\"FrameWork/Preview Content\"";
				DEVELOPMENT_TEAM = YZWPQWDJKU;
				ENABLE_HARDENED_RUNTIME = YES;
				ENABLE_PREVIEWS = YES;
				GENERATE_INFOPLIST_FILE = YES;
				INFOPLIST_FILE = FrameWork/Info.plist;
				INFOPLIST_KEY_NSHumanReadableCopyright = "";
				LD_RUNPATH_SEARCH_PATHS = (
					"$(inherited)",
					"@executable_path/../Frameworks",
				);
				MARKETING_VERSION = 1.0;
				PRODUCT_BUNDLE_IDENTIFIER = Tetrix.FrameWork;
				PRODUCT_NAME = "$(TARGET_NAME)";
				SWIFT_EMIT_LOC_STRINGS = YES;
				SWIFT_VERSION = 5.0;
			};
			name = Debug;
		};
		CD0B3BF42CD6120000D98561 /* Release */ = {
			isa = XCBuildConfiguration;
			buildSettings = {
				ASSETCATALOG_COMPILER_APPICON_NAME = AppIcon;
				ASSETCATALOG_COMPILER_GLOBAL_ACCENT_COLOR_NAME = AccentColor;
				CODE_SIGN_ENTITLEMENTS = FrameWork/FrameWork.entitlements;
				CODE_SIGN_STYLE = Automatic;
				COMBINE_HIDPI_IMAGES = YES;
				CURRENT_PROJECT_VERSION = 1;
				DEVELOPMENT_ASSET_PATHS = "\"FrameWork/Preview Content\"";
				DEVELOPMENT_TEAM = YZWPQWDJKU;
				ENABLE_HARDENED_RUNTIME = YES;
				ENABLE_PREVIEWS = YES;
				GENERATE_INFOPLIST_FILE = YES;
				INFOPLIST_FILE = FrameWork/Info.plist;
				INFOPLIST_KEY_NSHumanReadableCopyright = "";
				LD_RUNPATH_SEARCH_PATHS = (
					"$(inherited)",
					"@executable_path/../Frameworks",
				);
				MARKETING_VERSION = 1.0;
				PRODUCT_BUNDLE_IDENTIFIER = Tetrix.FrameWork;
				PRODUCT_NAME = "$(TARGET_NAME)";
				SWIFT_EMIT_LOC_STRINGS = YES;
				SWIFT_VERSION = 5.0;
			};
			name = Release;
		};
		CD0B3BF62CD6120000D98561 /* Debug */ = {
			isa = XCBuildConfiguration;
			buildSettings = {
				BUNDLE_LOADER = "$(TEST_HOST)";
				CODE_SIGN_STYLE = Automatic;
				CURRENT_PROJECT_VERSION = 1;
				DEVELOPMENT_TEAM = YZWPQWDJKU;
				GENERATE_INFOPLIST_FILE = YES;
				MACOSX_DEPLOYMENT_TARGET = 15.1;
				MARKETING_VERSION = 1.0;
				PRODUCT_BUNDLE_IDENTIFIER = Tetrix.FrameWorkTests;
				PRODUCT_NAME = "$(TARGET_NAME)";
				SWIFT_EMIT_LOC_STRINGS = NO;
				SWIFT_VERSION = 5.0;
				TEST_HOST = "$(BUILT_PRODUCTS_DIR)/FrameWork.app/$(BUNDLE_EXECUTABLE_FOLDER_PATH)/FrameWork";
			};
			name = Debug;
		};
		CD0B3BF72CD6120000D98561 /* Release */ = {
			isa = XCBuildConfiguration;
			buildSettings = {
				BUNDLE_LOADER = "$(TEST_HOST)";
				CODE_SIGN_STYLE = Automatic;
				CURRENT_PROJECT_VERSION = 1;
				DEVELOPMENT_TEAM = YZWPQWDJKU;
				GENERATE_INFOPLIST_FILE = YES;
				MACOSX_DEPLOYMENT_TARGET = 15.1;
				MARKETING_VERSION = 1.0;
				PRODUCT_BUNDLE_IDENTIFIER = Tetrix.FrameWorkTests;
				PRODUCT_NAME = "$(TARGET_NAME)";
				SWIFT_EMIT_LOC_STRINGS = NO;
				SWIFT_VERSION = 5.0;
				TEST_HOST = "$(BUILT_PRODUCTS_DIR)/FrameWork.app/$(BUNDLE_EXECUTABLE_FOLDER_PATH)/FrameWork";
			};
			name = Release;
		};
		CD0B3BF92CD6120000D98561 /* Debug */ = {
			isa = XCBuildConfiguration;
			buildSettings = {
				CODE_SIGN_STYLE = Automatic;
				CURRENT_PROJECT_VERSION = 1;
				DEVELOPMENT_TEAM = YZWPQWDJKU;
				GENERATE_INFOPLIST_FILE = YES;
				MARKETING_VERSION = 1.0;
				PRODUCT_BUNDLE_IDENTIFIER = Tetrix.FrameWorkUITests;
				PRODUCT_NAME = "$(TARGET_NAME)";
				SWIFT_EMIT_LOC_STRINGS = NO;
				SWIFT_VERSION = 5.0;
				TEST_TARGET_NAME = FrameWork;
			};
			name = Debug;
		};
		CD0B3BFA2CD6120000D98561 /* Release */ = {
			isa = XCBuildConfiguration;
			buildSettings = {
				CODE_SIGN_STYLE = Automatic;
				CURRENT_PROJECT_VERSION = 1;
				DEVELOPMENT_TEAM = YZWPQWDJKU;
				GENERATE_INFOPLIST_FILE = YES;
				MARKETING_VERSION = 1.0;
				PRODUCT_BUNDLE_IDENTIFIER = Tetrix.FrameWorkUITests;
				PRODUCT_NAME = "$(TARGET_NAME)";
				SWIFT_EMIT_LOC_STRINGS = NO;
				SWIFT_VERSION = 5.0;
				TEST_TARGET_NAME = FrameWork;
			};
			name = Release;
		};
/* End XCBuildConfiguration section */

/* Begin XCConfigurationList section */
		CD0B3BC82CD611FC00D98561 /* Build configuration list for PBXProject "FrameWork" */ = {
			isa = XCConfigurationList;
			buildConfigurations = (
				CD0B3BF02CD6120000D98561 /* Debug */,
				CD0B3BF12CD6120000D98561 /* Release */,
			);
			defaultConfigurationIsVisible = 0;
			defaultConfigurationName = Release;
		};
		CD0B3BF22CD6120000D98561 /* Build configuration list for PBXNativeTarget "FrameWork" */ = {
			isa = XCConfigurationList;
			buildConfigurations = (
				CD0B3BF32CD6120000D98561 /* Debug */,
				CD0B3BF42CD6120000D98561 /* Release */,
			);
			defaultConfigurationIsVisible = 0;
			defaultConfigurationName = Release;
		};
		CD0B3BF52CD6120000D98561 /* Build configuration list for PBXNativeTarget "FrameWorkTests" */ = {
			isa = XCConfigurationList;
			buildConfigurations = (
				CD0B3BF62CD6120000D98561 /* Debug */,
				CD0B3BF72CD6120000D98561 /* Release */,
			);
			defaultConfigurationIsVisible = 0;
			defaultConfigurationName = Release;
		};
		CD0B3BF82CD6120000D98561 /* Build configuration list for PBXNativeTarget "FrameWorkUITests" */ = {
			isa = XCConfigurationList;
			buildConfigurations = (
				CD0B3BF92CD6120000D98561 /* Debug */,
				CD0B3BFA2CD6120000D98561 /* Release */,
			);
			defaultConfigurationIsVisible = 0;
			defaultConfigurationName = Release;
		};
/* End XCConfigurationList section */
	};
	rootObject = CD0B3BC52CD611FC00D98561 /* Project object */;
}
